
Microsoft Visual Studio Solution File, Format Version 12.00
# Visual Studio Version 16
VisualStudioVersion = 16.0.30717.126
MinimumVisualStudioVersion = 10.0.40219.1
Project("{9A19103F-16F7-4668-BE54-9A1E7A4F7556}") = "Final_Task", "Final_Task.csproj", "{286B0306-364F-4BD4-A689-72691C2F7DD8}"
EndProject
Global
	GlobalSection(SolutionConfigurationPlatforms) = preSolution
		Debug|Any CPU = Debug|Any CPU
		Release|Any CPU = Release|Any CPU
	EndGlobalSection
	GlobalSection(ProjectConfigurationPlatforms) = postSolution
		{286B0306-364F-4BD4-A689-72691C2F7DD8}.Debug|Any CPU.ActiveCfg = Debug|Any CPU
		{286B0306-364F-4BD4-A689-72691C2F7DD8}.Debug|Any CPU.Build.0 = Debug|Any CPU
		{286B0306-364F-4BD4-A689-72691C2F7DD8}.Release|Any CPU.ActiveCfg = Release|Any CPU
		{286B0306-364F-4BD4-A689-72691C2F7DD8}.Release|Any CPU.Build.0 = Release|Any CPU
	EndGlobalSection
	GlobalSection(SolutionProperties) = preSolution
		HideSolutionNode = FALSE
	EndGlobalSection
	GlobalSection(ExtensibilityGlobals) = postSolution
		SolutionGuid = {DFC8F483-7EEB-4FB0-9071-718624DE8747}
	EndGlobalSection
EndGlobal
